# THIS IS AN AUTOGENERATED FILE. DO NOT EDIT THIS FILE DIRECTLY.
# yarn lockfile v1


downloadjs@^1.4.7:
  version "1.4.7"
  resolved "https://registry.yarnpkg.com/downloadjs/-/downloadjs-1.4.7.tgz#f69f96f940e0d0553dac291139865a3cd0101e3c"
  integrity sha1-9p+W+UDg0FU9rCkROYZaPNAQHjw=

papaparse@^5.3.1:
  version "5.3.1"
  resolved "https://registry.yarnpkg.com/papaparse/-/papaparse-5.3.1.tgz#770b7a9124d821d4b2132132b7bd7dce7194b5b1"
  integrity sha512-Dbt2yjLJrCwH2sRqKFFJaN5XgIASO9YOFeFP8rIBRG2Ain8mqk5r1M6DkfvqEVozVcz3r3HaUGw253hA1nLIcA==
